PODS:
  - lottie-ios (3.2.3)
  - PryntTrimmerView (4.0.2)
  - SteviaLayout (4.7.3)
  - YPImagePicker (4.5.0):
    - PryntTrimmerView (~> 4.0.2)
    - SteviaLayout (~> 4.7.3)

DEPENDENCIES:
  - lottie-ios
  - YPImagePicker

SPEC REPOS:
  trunk:
    - lottie-ios
    - PryntTrimmerView
    - SteviaLayout
    - YPImagePicker

SPEC CHECKSUMS:
  lottie-ios: c058aeafa76daa4cf64d773554bccc8385d0150e
  PryntTrimmerView: 6a43cc90df5d99addeabd33d4ba09b1365322130
  SteviaLayout: c2ecdcff57d44e38fd2f65e54ad52aeae28ca0c4
  YPImagePicker: 6f410f475bd22fa8cd430495b54d4b2f15865c2d

PODFILE CHECKSUM: feec342ab9283df3c2be95205ea991638b94add7

COCOAPODS: 1.10.1
